
Microsoft Visual Studio Solution File, Format Version 12.00
# Visual Studio Version 17
VisualStudioVersion = 17.2.32526.322
MinimumVisualStudioVersion = 10.0.40219.1
Project("{9A19103F-16F7-4668-BE54-9A1E7A4F7556}") = "LabMobile", "LabMobile\LabMobile.csproj", "{7CFFF854-69BB-467F-8E70-828861FC9720}"
EndProject
Global
	GlobalSection(SolutionConfigurationPlatforms) = preSolution
		Debug|Any CPU = Debug|Any CPU
		Debug|iPhone = Debug|iPhone
		Debug|iPhoneSimulator = Debug|iPhoneSimulator
		Release|Any CPU = Release|Any CPU
		Release|iPhone = Release|iPhone
		Release|iPhoneSimulator = Release|iPhoneSimulator
	EndGlobalSection
	GlobalSection(ProjectConfigurationPlatforms) = postSolution
		{7CFFF854-69BB-467F-8E70-828861FC9720}.Debug|Any CPU.ActiveCfg = Debug|Any CPU
		{7CFFF854-69BB-467F-8E70-828861FC9720}.Debug|Any CPU.Build.0 = Debug|Any CPU
		{7CFFF854-69BB-467F-8E70-828861FC9720}.Debug|iPhone.ActiveCfg = Debug|Any CPU
		{7CFFF854-69BB-467F-8E70-828861FC9720}.Debug|iPhone.Build.0 = Debug|Any CPU
		{7CFFF854-69BB-467F-8E70-828861FC9720}.Debug|iPhoneSimulator.ActiveCfg = Debug|Any CPU
		{7CFFF854-69BB-467F-8E70-828861FC9720}.Debug|iPhoneSimulator.Build.0 = Debug|Any CPU
		{7CFFF854-69BB-467F-8E70-828861FC9720}.Release|Any CPU.ActiveCfg = Release|Any CPU
		{7CFFF854-69BB-467F-8E70-828861FC9720}.Release|Any CPU.Build.0 = Release|Any CPU
		{7CFFF854-69BB-467F-8E70-828861FC9720}.Release|iPhone.ActiveCfg = Release|Any CPU
		{7CFFF854-69BB-467F-8E70-828861FC9720}.Release|iPhone.Build.0 = Release|Any CPU
		{7CFFF854-69BB-467F-8E70-828861FC9720}.Release|iPhoneSimulator.ActiveCfg = Release|Any CPU
		{7CFFF854-69BB-467F-8E70-828861FC9720}.Release|iPhoneSimulator.Build.0 = Release|Any CPU
	EndGlobalSection
	GlobalSection(SolutionProperties) = preSolution
		HideSolutionNode = FALSE
	EndGlobalSection
	GlobalSection(ExtensibilityGlobals) = postSolution
		SolutionGuid = {902192DE-3CEA-498E-A360-88A62E47E437}
	EndGlobalSection
EndGlobal
