
Microsoft Visual Studio Solution File, Format Version 12.00
# Visual Studio Version 17
VisualStudioVersion = 17.2.32526.322
MinimumVisualStudioVersion = 10.0.40219.1
Project("{FAE04EC0-301F-11D3-BF4B-00C04F79EFBC}") = "MobileApp.Android", "MobileApp\MobileApp.Android\MobileApp.Android.csproj", "{F42FEBD5-7B0F-4ADF-A0CA-A2B9C069991A}"
EndProject
Project("{FAE04EC0-301F-11D3-BF4B-00C04F79EFBC}") = "MobileApp.iOS", "MobileApp\MobileApp.iOS\MobileApp.iOS.csproj", "{B8BA3DDB-27F6-45C7-8560-6C04085FAF85}"
EndProject
Project("{FAE04EC0-301F-11D3-BF4B-00C04F79EFBC}") = "MobileApp", "MobileApp\MobileApp\MobileApp.csproj", "{0059FCD4-5988-4201-9CEB-D8DDB5EF5124}"
EndProject
Global
	GlobalSection(SolutionConfigurationPlatforms) = preSolution
		Debug|Any CPU = Debug|Any CPU
		Debug|iPhone = Debug|iPhone
		Debug|iPhoneSimulator = Debug|iPhoneSimulator
		Release|Any CPU = Release|Any CPU
		Release|iPhone = Release|iPhone
		Release|iPhoneSimulator = Release|iPhoneSimulator
	EndGlobalSection
	GlobalSection(ProjectConfigurationPlatforms) = postSolution
		{F42FEBD5-7B0F-4ADF-A0CA-A2B9C069991A}.Debug|Any CPU.ActiveCfg = Debug|Any CPU
		{F42FEBD5-7B0F-4ADF-A0CA-A2B9C069991A}.Debug|Any CPU.Build.0 = Debug|Any CPU
		{F42FEBD5-7B0F-4ADF-A0CA-A2B9C069991A}.Debug|Any CPU.Deploy.0 = Debug|Any CPU
		{F42FEBD5-7B0F-4ADF-A0CA-A2B9C069991A}.Debug|iPhone.ActiveCfg = Debug|Any CPU
		{F42FEBD5-7B0F-4ADF-A0CA-A2B9C069991A}.Debug|iPhone.Build.0 = Debug|Any CPU
		{F42FEBD5-7B0F-4ADF-A0CA-A2B9C069991A}.Debug|iPhone.Deploy.0 = Debug|Any CPU
		{F42FEBD5-7B0F-4ADF-A0CA-A2B9C069991A}.Debug|iPhoneSimulator.ActiveCfg = Debug|Any CPU
		{F42FEBD5-7B0F-4ADF-A0CA-A2B9C069991A}.Debug|iPhoneSimulator.Build.0 = Debug|Any CPU
		{F42FEBD5-7B0F-4ADF-A0CA-A2B9C069991A}.Debug|iPhoneSimulator.Deploy.0 = Debug|Any CPU
		{F42FEBD5-7B0F-4ADF-A0CA-A2B9C069991A}.Release|Any CPU.ActiveCfg = Release|Any CPU
		{F42FEBD5-7B0F-4ADF-A0CA-A2B9C069991A}.Release|Any CPU.Build.0 = Release|Any CPU
		{F42FEBD5-7B0F-4ADF-A0CA-A2B9C069991A}.Release|Any CPU.Deploy.0 = Release|Any CPU
		{F42FEBD5-7B0F-4ADF-A0CA-A2B9C069991A}.Release|iPhone.ActiveCfg = Release|Any CPU
		{F42FEBD5-7B0F-4ADF-A0CA-A2B9C069991A}.Release|iPhone.Build.0 = Release|Any CPU
		{F42FEBD5-7B0F-4ADF-A0CA-A2B9C069991A}.Release|iPhone.Deploy.0 = Release|Any CPU
		{F42FEBD5-7B0F-4ADF-A0CA-A2B9C069991A}.Release|iPhoneSimulator.ActiveCfg = Release|Any CPU
		{F42FEBD5-7B0F-4ADF-A0CA-A2B9C069991A}.Release|iPhoneSimulator.Build.0 = Release|Any CPU
		{F42FEBD5-7B0F-4ADF-A0CA-A2B9C069991A}.Release|iPhoneSimulator.Deploy.0 = Release|Any CPU
		{B8BA3DDB-27F6-45C7-8560-6C04085FAF85}.Debug|Any CPU.ActiveCfg = Debug|iPhone
		{B8BA3DDB-27F6-45C7-8560-6C04085FAF85}.Debug|Any CPU.Build.0 = Debug|iPhone
		{B8BA3DDB-27F6-45C7-8560-6C04085FAF85}.Debug|Any CPU.Deploy.0 = Debug|iPhone
		{B8BA3DDB-27F6-45C7-8560-6C04085FAF85}.Debug|iPhone.ActiveCfg = Debug|iPhone
		{B8BA3DDB-27F6-45C7-8560-6C04085FAF85}.Debug|iPhone.Build.0 = Debug|iPhone
		{B8BA3DDB-27F6-45C7-8560-6C04085FAF85}.Debug|iPhone.Deploy.0 = Debug|iPhone
		{B8BA3DDB-27F6-45C7-8560-6C04085FAF85}.Debug|iPhoneSimulator.ActiveCfg = Debug|iPhoneSimulator
		{B8BA3DDB-27F6-45C7-8560-6C04085FAF85}.Debug|iPhoneSimulator.Build.0 = Debug|iPhoneSimulator
		{B8BA3DDB-27F6-45C7-8560-6C04085FAF85}.Debug|iPhoneSimulator.Deploy.0 = Debug|iPhoneSimulator
		{B8BA3DDB-27F6-45C7-8560-6C04085FAF85}.Release|Any CPU.ActiveCfg = Release|iPhoneSimulator
		{B8BA3DDB-27F6-45C7-8560-6C04085FAF85}.Release|Any CPU.Build.0 = Release|iPhoneSimulator
		{B8BA3DDB-27F6-45C7-8560-6C04085FAF85}.Release|Any CPU.Deploy.0 = Release|iPhoneSimulator
		{B8BA3DDB-27F6-45C7-8560-6C04085FAF85}.Release|iPhone.ActiveCfg = Release|iPhone
		{B8BA3DDB-27F6-45C7-8560-6C04085FAF85}.Release|iPhone.Build.0 = Release|iPhone
		{B8BA3DDB-27F6-45C7-8560-6C04085FAF85}.Release|iPhone.Deploy.0 = Release|iPhone
		{B8BA3DDB-27F6-45C7-8560-6C04085FAF85}.Release|iPhoneSimulator.ActiveCfg = Release|iPhoneSimulator
		{B8BA3DDB-27F6-45C7-8560-6C04085FAF85}.Release|iPhoneSimulator.Build.0 = Release|iPhoneSimulator
		{B8BA3DDB-27F6-45C7-8560-6C04085FAF85}.Release|iPhoneSimulator.Deploy.0 = Release|iPhoneSimulator
		{0059FCD4-5988-4201-9CEB-D8DDB5EF5124}.Debug|Any CPU.ActiveCfg = Debug|Any CPU
		{0059FCD4-5988-4201-9CEB-D8DDB5EF5124}.Debug|Any CPU.Build.0 = Debug|Any CPU
		{0059FCD4-5988-4201-9CEB-D8DDB5EF5124}.Debug|Any CPU.Deploy.0 = Debug|Any CPU
		{0059FCD4-5988-4201-9CEB-D8DDB5EF5124}.Debug|iPhone.ActiveCfg = Debug|Any CPU
		{0059FCD4-5988-4201-9CEB-D8DDB5EF5124}.Debug|iPhone.Build.0 = Debug|Any CPU
		{0059FCD4-5988-4201-9CEB-D8DDB5EF5124}.Debug|iPhone.Deploy.0 = Debug|Any CPU
		{0059FCD4-5988-4201-9CEB-D8DDB5EF5124}.Debug|iPhoneSimulator.ActiveCfg = Debug|Any CPU
		{0059FCD4-5988-4201-9CEB-D8DDB5EF5124}.Debug|iPhoneSimulator.Build.0 = Debug|Any CPU
		{0059FCD4-5988-4201-9CEB-D8DDB5EF5124}.Debug|iPhoneSimulator.Deploy.0 = Debug|Any CPU
		{0059FCD4-5988-4201-9CEB-D8DDB5EF5124}.Release|Any CPU.ActiveCfg = Release|Any CPU
		{0059FCD4-5988-4201-9CEB-D8DDB5EF5124}.Release|Any CPU.Build.0 = Release|Any CPU
		{0059FCD4-5988-4201-9CEB-D8DDB5EF5124}.Release|Any CPU.Deploy.0 = Release|Any CPU
		{0059FCD4-5988-4201-9CEB-D8DDB5EF5124}.Release|iPhone.ActiveCfg = Release|Any CPU
		{0059FCD4-5988-4201-9CEB-D8DDB5EF5124}.Release|iPhone.Build.0 = Release|Any CPU
		{0059FCD4-5988-4201-9CEB-D8DDB5EF5124}.Release|iPhone.Deploy.0 = Release|Any CPU
		{0059FCD4-5988-4201-9CEB-D8DDB5EF5124}.Release|iPhoneSimulator.ActiveCfg = Release|Any CPU
		{0059FCD4-5988-4201-9CEB-D8DDB5EF5124}.Release|iPhoneSimulator.Build.0 = Release|Any CPU
		{0059FCD4-5988-4201-9CEB-D8DDB5EF5124}.Release|iPhoneSimulator.Deploy.0 = Release|Any CPU
	EndGlobalSection
	GlobalSection(SolutionProperties) = preSolution
		HideSolutionNode = FALSE
	EndGlobalSection
	GlobalSection(ExtensibilityGlobals) = postSolution
		SolutionGuid = {41E046FA-7535-44BA-8098-72C95C80ACFE}
	EndGlobalSection
EndGlobal
